
Microsoft Visual Studio Solution File, Format Version 12.00
Project("{FAE04EC0-301F-11D3-BF4B-00C04F79EFBC}") = "Paramedic", "Paramedic\Paramedic.csproj", "{195101D7-A576-4BE9-AC12-0E7AA4A045B6}"
EndProject
Global
	GlobalSection(SolutionConfigurationPlatforms) = preSolution
		Debug|Any CPU = Debug|Any CPU
		Release|Any CPU = Release|Any CPU
	EndGlobalSection
	GlobalSection(ProjectConfigurationPlatforms) = postSolution
		{195101D7-A576-4BE9-AC12-0E7AA4A045B6}.Debug|Any CPU.ActiveCfg = Debug|Any CPU
		{195101D7-A576-4BE9-AC12-0E7AA4A045B6}.Debug|Any CPU.Build.0 = Debug|Any CPU
		{195101D7-A576-4BE9-AC12-0E7AA4A045B6}.Release|Any CPU.ActiveCfg = Release|Any CPU
		{195101D7-A576-4BE9-AC12-0E7AA4A045B6}.Release|Any CPU.Build.0 = Release|Any CPU
	EndGlobalSection
EndGlobal
